// !$*UTF8*$!
{
	archiveVersion = 1;
	classes = {
	};
	objectVersion = 56;
	objects = {

/* Begin PBXBuildFile section */
		B5CE114C2A965366001E6C3E /* HabitrosApp.swift in Sources */ = {isa = PBXBuildFile; fileRef = B5CE114B2A965366001E6C3E /* HabitrosApp.swift */; };
		B5CE11502A965368001E6C3E /* Assets.xcassets in Resources */ = {isa = PBXBuildFile; fileRef = B5CE114F2A965368001E6C3E /* Assets.xcassets */; };
		B5CE11532A965368001E6C3E /* Preview Assets.xcassets in Resources */ = {isa = PBXBuildFile; fileRef = B5CE11522A965368001E6C3E /* Preview Assets.xcassets */; };
		B5CE11632A9659DB001E6C3E /* InputView.swift in Sources */ = {isa = PBXBuildFile; fileRef = B5CE11622A9659DB001E6C3E /* InputView.swift */; };
		B5CE11662A965D10001E6C3E /* CommentedCode.swift in Sources */ = {isa = PBXBuildFile; fileRef = B5CE11652A965D10001E6C3E /* CommentedCode.swift */; };
		B5CE11682A96784A001E6C3E /* RegistrationView.swift in Sources */ = {isa = PBXBuildFile; fileRef = B5CE11672A96784A001E6C3E /* RegistrationView.swift */; };
		B5CE116E2A9680D9001E6C3E /* LoginView.swift in Sources */ = {isa = PBXBuildFile; fileRef = B5CE116D2A9680D9001E6C3E /* LoginView.swift */; };
		B5CE11702A9703FC001E6C3E /* ProfileView.swift in Sources */ = {isa = PBXBuildFile; fileRef = B5CE116F2A9703FC001E6C3E /* ProfileView.swift */; };
		B5CE11722A97075C001E6C3E /* SettingsRowView.swift in Sources */ = {isa = PBXBuildFile; fileRef = B5CE11712A97075C001E6C3E /* SettingsRowView.swift */; };
		B5CE11742A97907D001E6C3E /* TextView.swift in Sources */ = {isa = PBXBuildFile; fileRef = B5CE11732A97907D001E6C3E /* TextView.swift */; };
		B5CE11762A9795AE001E6C3E /* User.swift in Sources */ = {isa = PBXBuildFile; fileRef = B5CE11752A9795AE001E6C3E /* User.swift */; };
		B5CE11782A97A993001E6C3E /* GoogleService-Info.plist in Resources */ = {isa = PBXBuildFile; fileRef = B5CE11772A97A992001E6C3E /* GoogleService-Info.plist */; };
		B5CE117B2A97AB2B001E6C3E /* FirebaseAnalytics in Frameworks */ = {isa = PBXBuildFile; productRef = B5CE117A2A97AB2B001E6C3E /* FirebaseAnalytics */; };
		B5CE117D2A97AB2B001E6C3E /* FirebaseAnalyticsOnDeviceConversion in Frameworks */ = {isa = PBXBuildFile; productRef = B5CE117C2A97AB2B001E6C3E /* FirebaseAnalyticsOnDeviceConversion */; };
		B5CE117F2A97AB2B001E6C3E /* FirebaseAnalyticsSwift in Frameworks */ = {isa = PBXBuildFile; productRef = B5CE117E2A97AB2B001E6C3E /* FirebaseAnalyticsSwift */; };
		B5CE11812A97AB2B001E6C3E /* FirebaseAnalyticsWithoutAdIdSupport in Frameworks */ = {isa = PBXBuildFile; productRef = B5CE11802A97AB2B001E6C3E /* FirebaseAnalyticsWithoutAdIdSupport */; };
		B5CE11832A97AB2B001E6C3E /* FirebaseAppCheck in Frameworks */ = {isa = PBXBuildFile; productRef = B5CE11822A97AB2B001E6C3E /* FirebaseAppCheck */; };
		B5CE11852A97AB2B001E6C3E /* FirebaseAppDistribution-Beta in Frameworks */ = {isa = PBXBuildFile; productRef = B5CE11842A97AB2B001E6C3E /* FirebaseAppDistribution-Beta */; };
		B5CE11872A97AB2B001E6C3E /* FirebaseAuth in Frameworks */ = {isa = PBXBuildFile; productRef = B5CE11862A97AB2B001E6C3E /* FirebaseAuth */; };
		B5CE11892A97AB2B001E6C3E /* FirebaseAuthCombine-Community in Frameworks */ = {isa = PBXBuildFile; productRef = B5CE11882A97AB2B001E6C3E /* FirebaseAuthCombine-Community */; };
		B5CE118B2A97AB2B001E6C3E /* FirebaseCrashlytics in Frameworks */ = {isa = PBXBuildFile; productRef = B5CE118A2A97AB2B001E6C3E /* FirebaseCrashlytics */; };
		B5CE118D2A97AB2B001E6C3E /* FirebaseDatabase in Frameworks */ = {isa = PBXBuildFile; productRef = B5CE118C2A97AB2B001E6C3E /* FirebaseDatabase */; };
		B5CE118F2A97AB2B001E6C3E /* FirebaseDatabaseSwift in Frameworks */ = {isa = PBXBuildFile; productRef = B5CE118E2A97AB2B001E6C3E /* FirebaseDatabaseSwift */; };
		B5CE11912A97AB2B001E6C3E /* FirebaseDynamicLinks in Frameworks */ = {isa = PBXBuildFile; productRef = B5CE11902A97AB2B001E6C3E /* FirebaseDynamicLinks */; };
		B5CE11932A97AB2B001E6C3E /* FirebaseFirestore in Frameworks */ = {isa = PBXBuildFile; productRef = B5CE11922A97AB2B001E6C3E /* FirebaseFirestore */; };
		B5CE11952A97AB2B001E6C3E /* FirebaseFirestoreCombine-Community in Frameworks */ = {isa = PBXBuildFile; productRef = B5CE11942A97AB2B001E6C3E /* FirebaseFirestoreCombine-Community */; };
		B5CE11972A97AB2B001E6C3E /* FirebaseFirestoreSwift in Frameworks */ = {isa = PBXBuildFile; productRef = B5CE11962A97AB2B001E6C3E /* FirebaseFirestoreSwift */; };
		B5CE11992A97AB2B001E6C3E /* FirebaseFunctions in Frameworks */ = {isa = PBXBuildFile; productRef = B5CE11982A97AB2B001E6C3E /* FirebaseFunctions */; };
		B5CE119B2A97AB2B001E6C3E /* FirebaseFunctionsCombine-Community in Frameworks */ = {isa = PBXBuildFile; productRef = B5CE119A2A97AB2B001E6C3E /* FirebaseFunctionsCombine-Community */; };
		B5CE119D2A97AB2B001E6C3E /* FirebaseInAppMessaging-Beta in Frameworks */ = {isa = PBXBuildFile; productRef = B5CE119C2A97AB2B001E6C3E /* FirebaseInAppMessaging-Beta */; };
		B5CE119F2A97AB2B001E6C3E /* FirebaseInAppMessagingSwift-Beta in Frameworks */ = {isa = PBXBuildFile; productRef = B5CE119E2A97AB2B001E6C3E /* FirebaseInAppMessagingSwift-Beta */; };
		B5CE11A12A97AB2B001E6C3E /* FirebaseInstallations in Frameworks */ = {isa = PBXBuildFile; productRef = B5CE11A02A97AB2B001E6C3E /* FirebaseInstallations */; };
		B5CE11A32A97AB2C001E6C3E /* FirebaseMLModelDownloader in Frameworks */ = {isa = PBXBuildFile; productRef = B5CE11A22A97AB2C001E6C3E /* FirebaseMLModelDownloader */; };
		B5CE11A52A97AB2C001E6C3E /* FirebaseMessaging in Frameworks */ = {isa = PBXBuildFile; productRef = B5CE11A42A97AB2C001E6C3E /* FirebaseMessaging */; };
		B5CE11A72A97AB2C001E6C3E /* FirebasePerformance in Frameworks */ = {isa = PBXBuildFile; productRef = B5CE11A62A97AB2C001E6C3E /* FirebasePerformance */; };
		B5CE11A92A97AB2C001E6C3E /* FirebaseRemoteConfig in Frameworks */ = {isa = PBXBuildFile; productRef = B5CE11A82A97AB2C001E6C3E /* FirebaseRemoteConfig */; };
		B5CE11AB2A97AB2C001E6C3E /* FirebaseRemoteConfigSwift in Frameworks */ = {isa = PBXBuildFile; productRef = B5CE11AA2A97AB2C001E6C3E /* FirebaseRemoteConfigSwift */; };
		B5CE11AD2A97AB2C001E6C3E /* FirebaseStorage in Frameworks */ = {isa = PBXBuildFile; productRef = B5CE11AC2A97AB2C001E6C3E /* FirebaseStorage */; };
		B5CE11AF2A97AB2C001E6C3E /* FirebaseStorageCombine-Community in Frameworks */ = {isa = PBXBuildFile; productRef = B5CE11AE2A97AB2C001E6C3E /* FirebaseStorageCombine-Community */; };
		B5CE11B32A97AC93001E6C3E /* AuthViewModel.swift in Sources */ = {isa = PBXBuildFile; fileRef = B5CE11B22A97AC93001E6C3E /* AuthViewModel.swift */; };
		B5CE11B52A97B9D6001E6C3E /* ContentView.swift in Sources */ = {isa = PBXBuildFile; fileRef = B5CE11B42A97B9D6001E6C3E /* ContentView.swift */; };
/* End PBXBuildFile section */

/* Begin PBXFileReference section */
		B5CE11482A965366001E6C3E /* Habitros.app */ = {isa = PBXFileReference; explicitFileType = wrapper.application; includeInIndex = 0; path = Habitros.app; sourceTree = BUILT_PRODUCTS_DIR; };
		B5CE114B2A965366001E6C3E /* HabitrosApp.swift */ = {isa = PBXFileReference; lastKnownFileType = sourcecode.swift; path = HabitrosApp.swift; sourceTree = "<group>"; };
		B5CE114F2A965368001E6C3E /* Assets.xcassets */ = {isa = PBXFileReference; lastKnownFileType = folder.assetcatalog; path = Assets.xcassets; sourceTree = "<group>"; };
		B5CE11522A965368001E6C3E /* Preview Assets.xcassets */ = {isa = PBXFileReference; lastKnownFileType = folder.assetcatalog; path = "Preview Assets.xcassets"; sourceTree = "<group>"; };
		B5CE11622A9659DB001E6C3E /* InputView.swift */ = {isa = PBXFileReference; lastKnownFileType = sourcecode.swift; path = InputView.swift; sourceTree = "<group>"; };
		B5CE11652A965D10001E6C3E /* CommentedCode.swift */ = {isa = PBXFileReference; lastKnownFileType = sourcecode.swift; path = CommentedCode.swift; sourceTree = "<group>"; };
		B5CE11672A96784A001E6C3E /* RegistrationView.swift */ = {isa = PBXFileReference; lastKnownFileType = sourcecode.swift; path = RegistrationView.swift; sourceTree = "<group>"; };
		B5CE116D2A9680D9001E6C3E /* LoginView.swift */ = {isa = PBXFileReference; lastKnownFileType = sourcecode.swift; path = LoginView.swift; sourceTree = "<group>"; };
		B5CE116F2A9703FC001E6C3E /* ProfileView.swift */ = {isa = PBXFileReference; lastKnownFileType = sourcecode.swift; path = ProfileView.swift; sourceTree = "<group>"; };
		B5CE11712A97075C001E6C3E /* SettingsRowView.swift */ = {isa = PBXFileReference; lastKnownFileType = sourcecode.swift; path = SettingsRowView.swift; sourceTree = "<group>"; };
		B5CE11732A97907D001E6C3E /* TextView.swift */ = {isa = PBXFileReference; lastKnownFileType = sourcecode.swift; path = TextView.swift; sourceTree = "<group>"; };
		B5CE11752A9795AE001E6C3E /* User.swift */ = {isa = PBXFileReference; lastKnownFileType = sourcecode.swift; path = User.swift; sourceTree = "<group>"; };
		B5CE11772A97A992001E6C3E /* GoogleService-Info.plist */ = {isa = PBXFileReference; fileEncoding = 4; lastKnownFileType = text.plist.xml; path = "GoogleService-Info.plist"; sourceTree = "<group>"; };
		B5CE11B22A97AC93001E6C3E /* AuthViewModel.swift */ = {isa = PBXFileReference; lastKnownFileType = sourcecode.swift; path = AuthViewModel.swift; sourceTree = "<group>"; };
		B5CE11B42A97B9D6001E6C3E /* ContentView.swift */ = {isa = PBXFileReference; lastKnownFileType = sourcecode.swift; path = ContentView.swift; sourceTree = "<group>"; };
/* End PBXFileReference section */

/* Begin PBXFrameworksBuildPhase section */
		B5CE11452A965366001E6C3E /* Frameworks */ = {
			isa = PBXFrameworksBuildPhase;
			buildActionMask = 2147483647;
			files = (
				B5CE118D2A97AB2B001E6C3E /* FirebaseDatabase in Frameworks */,
				B5CE119B2A97AB2B001E6C3E /* FirebaseFunctionsCombine-Community in Frameworks */,
				B5CE11932A97AB2B001E6C3E /* FirebaseFirestore in Frameworks */,
				B5CE117F2A97AB2B001E6C3E /* FirebaseAnalyticsSwift in Frameworks */,
				B5CE117B2A97AB2B001E6C3E /* FirebaseAnalytics in Frameworks */,
				B5CE117D2A97AB2B001E6C3E /* FirebaseAnalyticsOnDeviceConversion in Frameworks */,
				B5CE11A32A97AB2C001E6C3E /* FirebaseMLModelDownloader in Frameworks */,
				B5CE11972A97AB2B001E6C3E /* FirebaseFirestoreSwift in Frameworks */,
				B5CE11832A97AB2B001E6C3E /* FirebaseAppCheck in Frameworks */,
				B5CE11812A97AB2B001E6C3E /* FirebaseAnalyticsWithoutAdIdSupport in Frameworks */,
				B5CE11872A97AB2B001E6C3E /* FirebaseAuth in Frameworks */,
				B5CE118B2A97AB2B001E6C3E /* FirebaseCrashlytics in Frameworks */,
				B5CE11AB2A97AB2C001E6C3E /* FirebaseRemoteConfigSwift in Frameworks */,
				B5CE119D2A97AB2B001E6C3E /* FirebaseInAppMessaging-Beta in Frameworks */,
				B5CE118F2A97AB2B001E6C3E /* FirebaseDatabaseSwift in Frameworks */,
				B5CE11992A97AB2B001E6C3E /* FirebaseFunctions in Frameworks */,
				B5CE11AF2A97AB2C001E6C3E /* FirebaseStorageCombine-Community in Frameworks */,
				B5CE11A92A97AB2C001E6C3E /* FirebaseRemoteConfig in Frameworks */,
				B5CE11852A97AB2B001E6C3E /* FirebaseAppDistribution-Beta in Frameworks */,
				B5CE11892A97AB2B001E6C3E /* FirebaseAuthCombine-Community in Frameworks */,
				B5CE11A72A97AB2C001E6C3E /* FirebasePerformance in Frameworks */,
				B5CE119F2A97AB2B001E6C3E /* FirebaseInAppMessagingSwift-Beta in Frameworks */,
				B5CE11AD2A97AB2C001E6C3E /* FirebaseStorage in Frameworks */,
				B5CE11912A97AB2B001E6C3E /* FirebaseDynamicLinks in Frameworks */,
				B5CE11952A97AB2B001E6C3E /* FirebaseFirestoreCombine-Community in Frameworks */,
				B5CE11A52A97AB2C001E6C3E /* FirebaseMessaging in Frameworks */,
				B5CE11A12A97AB2B001E6C3E /* FirebaseInstallations in Frameworks */,
			);
			runOnlyForDeploymentPostprocessing = 0;
		};
/* End PBXFrameworksBuildPhase section */

/* Begin PBXGroup section */
		B5CE113F2A965366001E6C3E = {
			isa = PBXGroup;
			children = (
				B5CE114A2A965366001E6C3E /* Habitros */,
				B5CE11492A965366001E6C3E /* Products */,
			);
			sourceTree = "<group>";
		};
		B5CE11492A965366001E6C3E /* Products */ = {
			isa = PBXGroup;
			children = (
				B5CE11482A965366001E6C3E /* Habitros.app */,
			);
			name = Products;
			sourceTree = "<group>";
		};
		B5CE114A2A965366001E6C3E /* Habitros */ = {
			isa = PBXGroup;
			children = (
				B5CE115C2A9657CF001E6C3E /* Model */,
				B5CE115B2A9657C7001E6C3E /* Core */,
				B5CE115A2A9657BF001E6C3E /* Components */,
				B5CE114B2A965366001E6C3E /* HabitrosApp.swift */,
				B5CE11B42A97B9D6001E6C3E /* ContentView.swift */,
				B5CE11642A965CF6001E6C3E /* CommentedCode */,
				B5CE114F2A965368001E6C3E /* Assets.xcassets */,
				B5CE11772A97A992001E6C3E /* GoogleService-Info.plist */,
				B5CE11512A965368001E6C3E /* Preview Content */,
			);
			path = Habitros;
			sourceTree = "<group>";
		};
		B5CE11512A965368001E6C3E /* Preview Content */ = {
			isa = PBXGroup;
			children = (
				B5CE11522A965368001E6C3E /* Preview Assets.xcassets */,
			);
			path = "Preview Content";
			sourceTree = "<group>";
		};
		B5CE115A2A9657BF001E6C3E /* Components */ = {
			isa = PBXGroup;
			children = (
				B5CE11622A9659DB001E6C3E /* InputView.swift */,
				B5CE11712A97075C001E6C3E /* SettingsRowView.swift */,
				B5CE11732A97907D001E6C3E /* TextView.swift */,
			);
			path = Components;
			sourceTree = "<group>";
		};
		B5CE115B2A9657C7001E6C3E /* Core */ = {
			isa = PBXGroup;
			children = (
				B5CE115F2A965818001E6C3E /* Authentication */,
				B5CE115E2A965811001E6C3E /* Profile */,
				B5CE115D2A9657DB001E6C3E /* Root */,
			);
			path = Core;
			sourceTree = "<group>";
		};
		B5CE115C2A9657CF001E6C3E /* Model */ = {
			isa = PBXGroup;
			children = (
				B5CE11752A9795AE001E6C3E /* User.swift */,
			);
			path = Model;
			sourceTree = "<group>";
		};
		B5CE115D2A9657DB001E6C3E /* Root */ = {
			isa = PBXGroup;
			children = (
			);
			path = Root;
			sourceTree = "<group>";
		};
		B5CE115E2A965811001E6C3E /* Profile */ = {
			isa = PBXGroup;
			children = (
				B5CE116F2A9703FC001E6C3E /* ProfileView.swift */,
			);
			path = Profile;
			sourceTree = "<group>";
		};
		B5CE115F2A965818001E6C3E /* Authentication */ = {
			isa = PBXGroup;
			children = (
				B5CE11B12A97ABA0001E6C3E /* View */,
				B5CE11B02A97AB94001E6C3E /* ViewModel */,
			);
			path = Authentication;
			sourceTree = "<group>";
		};
		B5CE11642A965CF6001E6C3E /* CommentedCode */ = {
			isa = PBXGroup;
			children = (
				B5CE11652A965D10001E6C3E /* CommentedCode.swift */,
			);
			path = CommentedCode;
			sourceTree = "<group>";
		};
		B5CE11B02A97AB94001E6C3E /* ViewModel */ = {
			isa = PBXGroup;
			children = (
				B5CE11B22A97AC93001E6C3E /* AuthViewModel.swift */,
			);
			path = ViewModel;
			sourceTree = "<group>";
		};
		B5CE11B12A97ABA0001E6C3E /* View */ = {
			isa = PBXGroup;
			children = (
				B5CE116D2A9680D9001E6C3E /* LoginView.swift */,
				B5CE11672A96784A001E6C3E /* RegistrationView.swift */,
			);
			path = View;
			sourceTree = "<group>";
		};
/* End PBXGroup section */

/* Begin PBXNativeTarget section */
		B5CE11472A965366001E6C3E /* Habitros */ = {
			isa = PBXNativeTarget;
			buildConfigurationList = B5CE11562A965368001E6C3E /* Build configuration list for PBXNativeTarget "Habitros" */;
			buildPhases = (
				B5CE11442A965366001E6C3E /* Sources */,
				B5CE11452A965366001E6C3E /* Frameworks */,
				B5CE11462A965366001E6C3E /* Resources */,
			);
			buildRules = (
			);
			dependencies = (
			);
			name = Habitros;
			packageProductDependencies = (
				B5CE117A2A97AB2B001E6C3E /* FirebaseAnalytics */,
				B5CE117C2A97AB2B001E6C3E /* FirebaseAnalyticsOnDeviceConversion */,
				B5CE117E2A97AB2B001E6C3E /* FirebaseAnalyticsSwift */,
				B5CE11802A97AB2B001E6C3E /* FirebaseAnalyticsWithoutAdIdSupport */,
				B5CE11822A97AB2B001E6C3E /* FirebaseAppCheck */,
				B5CE11842A97AB2B001E6C3E /* FirebaseAppDistribution-Beta */,
				B5CE11862A97AB2B001E6C3E /* FirebaseAuth */,
				B5CE11882A97AB2B001E6C3E /* FirebaseAuthCombine-Community */,
				B5CE118A2A97AB2B001E6C3E /* FirebaseCrashlytics */,
				B5CE118C2A97AB2B001E6C3E /* FirebaseDatabase */,
				B5CE118E2A97AB2B001E6C3E /* FirebaseDatabaseSwift */,
				B5CE11902A97AB2B001E6C3E /* FirebaseDynamicLinks */,
				B5CE11922A97AB2B001E6C3E /* FirebaseFirestore */,
				B5CE11942A97AB2B001E6C3E /* FirebaseFirestoreCombine-Community */,
				B5CE11962A97AB2B001E6C3E /* FirebaseFirestoreSwift */,
				B5CE11982A97AB2B001E6C3E /* FirebaseFunctions */,
				B5CE119A2A97AB2B001E6C3E /* FirebaseFunctionsCombine-Community */,
				B5CE119C2A97AB2B001E6C3E /* FirebaseInAppMessaging-Beta */,
				B5CE119E2A97AB2B001E6C3E /* FirebaseInAppMessagingSwift-Beta */,
				B5CE11A02A97AB2B001E6C3E /* FirebaseInstallations */,
				B5CE11A22A97AB2C001E6C3E /* FirebaseMLModelDownloader */,
				B5CE11A42A97AB2C001E6C3E /* FirebaseMessaging */,
				B5CE11A62A97AB2C001E6C3E /* FirebasePerformance */,
				B5CE11A82A97AB2C001E6C3E /* FirebaseRemoteConfig */,
				B5CE11AA2A97AB2C001E6C3E /* FirebaseRemoteConfigSwift */,
				B5CE11AC2A97AB2C001E6C3E /* FirebaseStorage */,
				B5CE11AE2A97AB2C001E6C3E /* FirebaseStorageCombine-Community */,
			);
			productName = Habitros;
			productReference = B5CE11482A965366001E6C3E /* Habitros.app */;
			productType = "com.apple.product-type.application";
		};
/* End PBXNativeTarget section */

/* Begin PBXProject section */
		B5CE11402A965366001E6C3E /* Project object */ = {
			isa = PBXProject;
			attributes = {
				BuildIndependentTargetsInParallel = 1;
				LastSwiftUpdateCheck = 1410;
				LastUpgradeCheck = 1410;
				TargetAttributes = {
					B5CE11472A965366001E6C3E = {
						CreatedOnToolsVersion = 14.1;
					};
				};
			};
			buildConfigurationList = B5CE11432A965366001E6C3E /* Build configuration list for PBXProject "Habitros" */;
			compatibilityVersion = "Xcode 14.0";
			developmentRegion = en;
			hasScannedForEncodings = 0;
			knownRegions = (
				en,
				Base,
			);
			mainGroup = B5CE113F2A965366001E6C3E;
			packageReferences = (
				B5CE11792A97AB2B001E6C3E /* XCRemoteSwiftPackageReference "firebase-ios-sdk" */,
			);
			productRefGroup = B5CE11492A965366001E6C3E /* Products */;
			projectDirPath = "";
			projectRoot = "";
			targets = (
				B5CE11472A965366001E6C3E /* Habitros */,
			);
		};
/* End PBXProject section */

/* Begin PBXResourcesBuildPhase section */
		B5CE11462A965366001E6C3E /* Resources */ = {
			isa = PBXResourcesBuildPhase;
			buildActionMask = 2147483647;
			files = (
				B5CE11532A965368001E6C3E /* Preview Assets.xcassets in Resources */,
				B5CE11502A965368001E6C3E /* Assets.xcassets in Resources */,
				B5CE11782A97A993001E6C3E /* GoogleService-Info.plist in Resources */,
			);
			runOnlyForDeploymentPostprocessing = 0;
		};
/* End PBXResourcesBuildPhase section */

/* Begin PBXSourcesBuildPhase section */
		B5CE11442A965366001E6C3E /* Sources */ = {
			isa = PBXSourcesBuildPhase;
			buildActionMask = 2147483647;
			files = (
				B5CE116E2A9680D9001E6C3E /* LoginView.swift in Sources */,
				B5CE11B52A97B9D6001E6C3E /* ContentView.swift in Sources */,
				B5CE11662A965D10001E6C3E /* CommentedCode.swift in Sources */,
				B5CE11632A9659DB001E6C3E /* InputView.swift in Sources */,
				B5CE11682A96784A001E6C3E /* RegistrationView.swift in Sources */,
				B5CE11722A97075C001E6C3E /* SettingsRowView.swift in Sources */,
				B5CE11742A97907D001E6C3E /* TextView.swift in Sources */,
				B5CE11B32A97AC93001E6C3E /* AuthViewModel.swift in Sources */,
				B5CE11702A9703FC001E6C3E /* ProfileView.swift in Sources */,
				B5CE11762A9795AE001E6C3E /* User.swift in Sources */,
				B5CE114C2A965366001E6C3E /* HabitrosApp.swift in Sources */,
			);
			runOnlyForDeploymentPostprocessing = 0;
		};
/* End PBXSourcesBuildPhase section */

/* Begin XCBuildConfiguration section */
		B5CE11542A965368001E6C3E /* Debug */ = {
			isa = XCBuildConfiguration;
			buildSettings = {
				ALWAYS_SEARCH_USER_PATHS = NO;
				CLANG_ANALYZER_NONNULL = YES;
				CLANG_ANALYZER_NUMBER_OBJECT_CONVERSION = YES_AGGRESSIVE;
				CLANG_CXX_LANGUAGE_STANDARD = "gnu++20";
				CLANG_ENABLE_MODULES = YES;
				CLANG_ENABLE_OBJC_ARC = YES;
				CLANG_ENABLE_OBJC_WEAK = YES;
				CLANG_WARN_BLOCK_CAPTURE_AUTORELEASING = YES;
				CLANG_WARN_BOOL_CONVERSION = YES;
				CLANG_WARN_COMMA = YES;
				CLANG_WARN_CONSTANT_CONVERSION = YES;
				CLANG_WARN_DEPRECATED_OBJC_IMPLEMENTATIONS = YES;
				CLANG_WARN_DIRECT_OBJC_ISA_USAGE = YES_ERROR;
				CLANG_WARN_DOCUMENTATION_COMMENTS = YES;
				CLANG_WARN_EMPTY_BODY = YES;
				CLANG_WARN_ENUM_CONVERSION = YES;
				CLANG_WARN_INFINITE_RECURSION = YES;
				CLANG_WARN_INT_CONVERSION = YES;
				CLANG_WARN_NON_LITERAL_NULL_CONVERSION = YES;
				CLANG_WARN_OBJC_IMPLICIT_RETAIN_SELF = YES;
				CLANG_WARN_OBJC_LITERAL_CONVERSION = YES;
				CLANG_WARN_OBJC_ROOT_CLASS = YES_ERROR;
				CLANG_WARN_QUOTED_INCLUDE_IN_FRAMEWORK_HEADER = YES;
				CLANG_WARN_RANGE_LOOP_ANALYSIS = YES;
				CLANG_WARN_STRICT_PROTOTYPES = YES;
				CLANG_WARN_SUSPICIOUS_MOVE = YES;
				CLANG_WARN_UNGUARDED_AVAILABILITY = YES_AGGRESSIVE;
				CLANG_WARN_UNREACHABLE_CODE = YES;
				CLANG_WARN__DUPLICATE_METHOD_MATCH = YES;
				COPY_PHASE_STRIP = NO;
				DEBUG_INFORMATION_FORMAT = dwarf;
				ENABLE_STRICT_OBJC_MSGSEND = YES;
				ENABLE_TESTABILITY = YES;
				GCC_C_LANGUAGE_STANDARD = gnu11;
				GCC_DYNAMIC_NO_PIC = NO;
				GCC_NO_COMMON_BLOCKS = YES;
				GCC_OPTIMIZATION_LEVEL = 0;
				GCC_PREPROCESSOR_DEFINITIONS = (
					"DEBUG=1",
					"$(inherited)",
				);
				GCC_WARN_64_TO_32_BIT_CONVERSION = YES;
				GCC_WARN_ABOUT_RETURN_TYPE = YES_ERROR;
				GCC_WARN_UNDECLARED_SELECTOR = YES;
				GCC_WARN_UNINITIALIZED_AUTOS = YES_AGGRESSIVE;
				GCC_WARN_UNUSED_FUNCTION = YES;
				GCC_WARN_UNUSED_VARIABLE = YES;
				IPHONEOS_DEPLOYMENT_TARGET = 16.1;
				MTL_ENABLE_DEBUG_INFO = INCLUDE_SOURCE;
				MTL_FAST_MATH = YES;
				ONLY_ACTIVE_ARCH = YES;
				SDKROOT = iphoneos;
				SWIFT_ACTIVE_COMPILATION_CONDITIONS = DEBUG;
				SWIFT_OPTIMIZATION_LEVEL = "-Onone";
			};
			name = Debug;
		};
		B5CE11552A965368001E6C3E /* Release */ = {
			isa = XCBuildConfiguration;
			buildSettings = {
				ALWAYS_SEARCH_USER_PATHS = NO;
				CLANG_ANALYZER_NONNULL = YES;
				CLANG_ANALYZER_NUMBER_OBJECT_CONVERSION = YES_AGGRESSIVE;
				CLANG_CXX_LANGUAGE_STANDARD = "gnu++20";
				CLANG_ENABLE_MODULES = YES;
				CLANG_ENABLE_OBJC_ARC = YES;
				CLANG_ENABLE_OBJC_WEAK = YES;
				CLANG_WARN_BLOCK_CAPTURE_AUTORELEASING = YES;
				CLANG_WARN_BOOL_CONVERSION = YES;
				CLANG_WARN_COMMA = YES;
				CLANG_WARN_CONSTANT_CONVERSION = YES;
				CLANG_WARN_DEPRECATED_OBJC_IMPLEMENTATIONS = YES;
				CLANG_WARN_DIRECT_OBJC_ISA_USAGE = YES_ERROR;
				CLANG_WARN_DOCUMENTATION_COMMENTS = YES;
				CLANG_WARN_EMPTY_BODY = YES;
				CLANG_WARN_ENUM_CONVERSION = YES;
				CLANG_WARN_INFINITE_RECURSION = YES;
				CLANG_WARN_INT_CONVERSION = YES;
				CLANG_WARN_NON_LITERAL_NULL_CONVERSION = YES;
				CLANG_WARN_OBJC_IMPLICIT_RETAIN_SELF = YES;
				CLANG_WARN_OBJC_LITERAL_CONVERSION = YES;
				CLANG_WARN_OBJC_ROOT_CLASS = YES_ERROR;
				CLANG_WARN_QUOTED_INCLUDE_IN_FRAMEWORK_HEADER = YES;
				CLANG_WARN_RANGE_LOOP_ANALYSIS = YES;
				CLANG_WARN_STRICT_PROTOTYPES = YES;
				CLANG_WARN_SUSPICIOUS_MOVE = YES;
				CLANG_WARN_UNGUARDED_AVAILABILITY = YES_AGGRESSIVE;
				CLANG_WARN_UNREACHABLE_CODE = YES;
				CLANG_WARN__DUPLICATE_METHOD_MATCH = YES;
				COPY_PHASE_STRIP = NO;
				DEBUG_INFORMATION_FORMAT = "dwarf-with-dsym";
				ENABLE_NS_ASSERTIONS = NO;
				ENABLE_STRICT_OBJC_MSGSEND = YES;
				GCC_C_LANGUAGE_STANDARD = gnu11;
				GCC_NO_COMMON_BLOCKS = YES;
				GCC_WARN_64_TO_32_BIT_CONVERSION = YES;
				GCC_WARN_ABOUT_RETURN_TYPE = YES_ERROR;
				GCC_WARN_UNDECLARED_SELECTOR = YES;
				GCC_WARN_UNINITIALIZED_AUTOS = YES_AGGRESSIVE;
				GCC_WARN_UNUSED_FUNCTION = YES;
				GCC_WARN_UNUSED_VARIABLE = YES;
				IPHONEOS_DEPLOYMENT_TARGET = 16.1;
				MTL_ENABLE_DEBUG_INFO = NO;
				MTL_FAST_MATH = YES;
				SDKROOT = iphoneos;
				SWIFT_COMPILATION_MODE = wholemodule;
				SWIFT_OPTIMIZATION_LEVEL = "-O";
				VALIDATE_PRODUCT = YES;
			};
			name = Release;
		};
		B5CE11572A965368001E6C3E /* Debug */ = {
			isa = XCBuildConfiguration;
			buildSettings = {
				ASSETCATALOG_COMPILER_APPICON_NAME = AppIcon;
				ASSETCATALOG_COMPILER_GLOBAL_ACCENT_COLOR_NAME = AccentColor;
				CODE_SIGN_STYLE = Automatic;
				CURRENT_PROJECT_VERSION = 1;
				DEVELOPMENT_ASSET_PATHS = "\"Habitros/Preview Content\"";
				DEVELOPMENT_TEAM = H7TJ484Q6N;
				ENABLE_PREVIEWS = YES;
				GENERATE_INFOPLIST_FILE = YES;
				INFOPLIST_KEY_UIApplicationSceneManifest_Generation = YES;
				INFOPLIST_KEY_UIApplicationSupportsIndirectInputEvents = YES;
				INFOPLIST_KEY_UILaunchScreen_Generation = YES;
				INFOPLIST_KEY_UISupportedInterfaceOrientations_iPad = "UIInterfaceOrientationPortrait UIInterfaceOrientationPortraitUpsideDown UIInterfaceOrientationLandscapeLeft UIInterfaceOrientationLandscapeRight";
				INFOPLIST_KEY_UISupportedInterfaceOrientations_iPhone = "UIInterfaceOrientationPortrait UIInterfaceOrientationLandscapeLeft UIInterfaceOrientationLandscapeRight";
				LD_RUNPATH_SEARCH_PATHS = (
					"$(inherited)",
					"@executable_path/Frameworks",
				);
				MARKETING_VERSION = 1.0;
				PRODUCT_BUNDLE_IDENTIFIER = com.sr.Habitros;
				PRODUCT_NAME = "$(TARGET_NAME)";
				SWIFT_EMIT_LOC_STRINGS = YES;
				SWIFT_VERSION = 5.0;
				TARGETED_DEVICE_FAMILY = "1,2";
			};
			name = Debug;
		};
		B5CE11582A965368001E6C3E /* Release */ = {
			isa = XCBuildConfiguration;
			buildSettings = {
				ASSETCATALOG_COMPILER_APPICON_NAME = AppIcon;
				ASSETCATALOG_COMPILER_GLOBAL_ACCENT_COLOR_NAME = AccentColor;
				CODE_SIGN_STYLE = Automatic;
				CURRENT_PROJECT_VERSION = 1;
				DEVELOPMENT_ASSET_PATHS = "\"Habitros/Preview Content\"";
				DEVELOPMENT_TEAM = H7TJ484Q6N;
				ENABLE_PREVIEWS = YES;
				GENERATE_INFOPLIST_FILE = YES;
				INFOPLIST_KEY_UIApplicationSceneManifest_Generation = YES;
				INFOPLIST_KEY_UIApplicationSupportsIndirectInputEvents = YES;
				INFOPLIST_KEY_UILaunchScreen_Generation = YES;
				INFOPLIST_KEY_UISupportedInterfaceOrientations_iPad = "UIInterfaceOrientationPortrait UIInterfaceOrientationPortraitUpsideDown UIInterfaceOrientationLandscapeLeft UIInterfaceOrientationLandscapeRight";
				INFOPLIST_KEY_UISupportedInterfaceOrientations_iPhone = "UIInterfaceOrientationPortrait UIInterfaceOrientationLandscapeLeft UIInterfaceOrientationLandscapeRight";
				LD_RUNPATH_SEARCH_PATHS = (
					"$(inherited)",
					"@executable_path/Frameworks",
				);
				MARKETING_VERSION = 1.0;
				PRODUCT_BUNDLE_IDENTIFIER = com.sr.Habitros;
				PRODUCT_NAME = "$(TARGET_NAME)";
				SWIFT_EMIT_LOC_STRINGS = YES;
				SWIFT_VERSION = 5.0;
				TARGETED_DEVICE_FAMILY = "1,2";
			};
			name = Release;
		};
/* End XCBuildConfiguration section */

/* Begin XCConfigurationList section */
		B5CE11432A965366001E6C3E /* Build configuration list for PBXProject "Habitros" */ = {
			isa = XCConfigurationList;
			buildConfigurations = (
				B5CE11542A965368001E6C3E /* Debug */,
				B5CE11552A965368001E6C3E /* Release */,
			);
			defaultConfigurationIsVisible = 0;
			defaultConfigurationName = Release;
		};
		B5CE11562A965368001E6C3E /* Build configuration list for PBXNativeTarget "Habitros" */ = {
			isa = XCConfigurationList;
			buildConfigurations = (
				B5CE11572A965368001E6C3E /* Debug */,
				B5CE11582A965368001E6C3E /* Release */,
			);
			defaultConfigurationIsVisible = 0;
			defaultConfigurationName = Release;
		};
/* End XCConfigurationList section */

/* Begin XCRemoteSwiftPackageReference section */
		B5CE11792A97AB2B001E6C3E /* XCRemoteSwiftPackageReference "firebase-ios-sdk" */ = {
			isa = XCRemoteSwiftPackageReference;
			repositoryURL = "https://github.com/firebase/firebase-ios-sdk";
			requirement = {
				kind = upToNextMajorVersion;
				minimumVersion = 9.0.0;
			};
		};
/* End XCRemoteSwiftPackageReference section */

/* Begin XCSwiftPackageProductDependency section */
		B5CE117A2A97AB2B001E6C3E /* FirebaseAnalytics */ = {
			isa = XCSwiftPackageProductDependency;
			package = B5CE11792A97AB2B001E6C3E /* XCRemoteSwiftPackageReference "firebase-ios-sdk" */;
			productName = FirebaseAnalytics;
		};
		B5CE117C2A97AB2B001E6C3E /* FirebaseAnalyticsOnDeviceConversion */ = {
			isa = XCSwiftPackageProductDependency;
			package = B5CE11792A97AB2B001E6C3E /* XCRemoteSwiftPackageReference "firebase-ios-sdk" */;
			productName = FirebaseAnalyticsOnDeviceConversion;
		};
		B5CE117E2A97AB2B001E6C3E /* FirebaseAnalyticsSwift */ = {
			isa = XCSwiftPackageProductDependency;
			package = B5CE11792A97AB2B001E6C3E /* XCRemoteSwiftPackageReference "firebase-ios-sdk" */;
			productName = FirebaseAnalyticsSwift;
		};
		B5CE11802A97AB2B001E6C3E /* FirebaseAnalyticsWithoutAdIdSupport */ = {
			isa = XCSwiftPackageProductDependency;
			package = B5CE11792A97AB2B001E6C3E /* XCRemoteSwiftPackageReference "firebase-ios-sdk" */;
			productName = FirebaseAnalyticsWithoutAdIdSupport;
		};
		B5CE11822A97AB2B001E6C3E /* FirebaseAppCheck */ = {
			isa = XCSwiftPackageProductDependency;
			package = B5CE11792A97AB2B001E6C3E /* XCRemoteSwiftPackageReference "firebase-ios-sdk" */;
			productName = FirebaseAppCheck;
		};
		B5CE11842A97AB2B001E6C3E /* FirebaseAppDistribution-Beta */ = {
			isa = XCSwiftPackageProductDependency;
			package = B5CE11792A97AB2B001E6C3E /* XCRemoteSwiftPackageReference "firebase-ios-sdk" */;
			productName = "FirebaseAppDistribution-Beta";
		};
		B5CE11862A97AB2B001E6C3E /* FirebaseAuth */ = {
			isa = XCSwiftPackageProductDependency;
			package = B5CE11792A97AB2B001E6C3E /* XCRemoteSwiftPackageReference "firebase-ios-sdk" */;
			productName = FirebaseAuth;
		};
		B5CE11882A97AB2B001E6C3E /* FirebaseAuthCombine-Community */ = {
			isa = XCSwiftPackageProductDependency;
			package = B5CE11792A97AB2B001E6C3E /* XCRemoteSwiftPackageReference "firebase-ios-sdk" */;
			productName = "FirebaseAuthCombine-Community";
		};
		B5CE118A2A97AB2B001E6C3E /* FirebaseCrashlytics */ = {
			isa = XCSwiftPackageProductDependency;
			package = B5CE11792A97AB2B001E6C3E /* XCRemoteSwiftPackageReference "firebase-ios-sdk" */;
			productName = FirebaseCrashlytics;
		};
		B5CE118C2A97AB2B001E6C3E /* FirebaseDatabase */ = {
			isa = XCSwiftPackageProductDependency;
			package = B5CE11792A97AB2B001E6C3E /* XCRemoteSwiftPackageReference "firebase-ios-sdk" */;
			productName = FirebaseDatabase;
		};
		B5CE118E2A97AB2B001E6C3E /* FirebaseDatabaseSwift */ = {
			isa = XCSwiftPackageProductDependency;
			package = B5CE11792A97AB2B001E6C3E /* XCRemoteSwiftPackageReference "firebase-ios-sdk" */;
			productName = FirebaseDatabaseSwift;
		};
		B5CE11902A97AB2B001E6C3E /* FirebaseDynamicLinks */ = {
			isa = XCSwiftPackageProductDependency;
			package = B5CE11792A97AB2B001E6C3E /* XCRemoteSwiftPackageReference "firebase-ios-sdk" */;
			productName = FirebaseDynamicLinks;
		};
		B5CE11922A97AB2B001E6C3E /* FirebaseFirestore */ = {
			isa = XCSwiftPackageProductDependency;
			package = B5CE11792A97AB2B001E6C3E /* XCRemoteSwiftPackageReference "firebase-ios-sdk" */;
			productName = FirebaseFirestore;
		};
		B5CE11942A97AB2B001E6C3E /* FirebaseFirestoreCombine-Community */ = {
			isa = XCSwiftPackageProductDependency;
			package = B5CE11792A97AB2B001E6C3E /* XCRemoteSwiftPackageReference "firebase-ios-sdk" */;
			productName = "FirebaseFirestoreCombine-Community";
		};
		B5CE11962A97AB2B001E6C3E /* FirebaseFirestoreSwift */ = {
			isa = XCSwiftPackageProductDependency;
			package = B5CE11792A97AB2B001E6C3E /* XCRemoteSwiftPackageReference "firebase-ios-sdk" */;
			productName = FirebaseFirestoreSwift;
		};
		B5CE11982A97AB2B001E6C3E /* FirebaseFunctions */ = {
			isa = XCSwiftPackageProductDependency;
			package = B5CE11792A97AB2B001E6C3E /* XCRemoteSwiftPackageReference "firebase-ios-sdk" */;
			productName = FirebaseFunctions;
		};
		B5CE119A2A97AB2B001E6C3E /* FirebaseFunctionsCombine-Community */ = {
			isa = XCSwiftPackageProductDependency;
			package = B5CE11792A97AB2B001E6C3E /* XCRemoteSwiftPackageReference "firebase-ios-sdk" */;
			productName = "FirebaseFunctionsCombine-Community";
		};
		B5CE119C2A97AB2B001E6C3E /* FirebaseInAppMessaging-Beta */ = {
			isa = XCSwiftPackageProductDependency;
			package = B5CE11792A97AB2B001E6C3E /* XCRemoteSwiftPackageReference "firebase-ios-sdk" */;
			productName = "FirebaseInAppMessaging-Beta";
		};
		B5CE119E2A97AB2B001E6C3E /* FirebaseInAppMessagingSwift-Beta */ = {
			isa = XCSwiftPackageProductDependency;
			package = B5CE11792A97AB2B001E6C3E /* XCRemoteSwiftPackageReference "firebase-ios-sdk" */;
			productName = "FirebaseInAppMessagingSwift-Beta";
		};
		B5CE11A02A97AB2B001E6C3E /* FirebaseInstallations */ = {
			isa = XCSwiftPackageProductDependency;
			package = B5CE11792A97AB2B001E6C3E /* XCRemoteSwiftPackageReference "firebase-ios-sdk" */;
			productName = FirebaseInstallations;
		};
		B5CE11A22A97AB2C001E6C3E /* FirebaseMLModelDownloader */ = {
			isa = XCSwiftPackageProductDependency;
			package = B5CE11792A97AB2B001E6C3E /* XCRemoteSwiftPackageReference "firebase-ios-sdk" */;
			productName = FirebaseMLModelDownloader;
		};
		B5CE11A42A97AB2C001E6C3E /* FirebaseMessaging */ = {
			isa = XCSwiftPackageProductDependency;
			package = B5CE11792A97AB2B001E6C3E /* XCRemoteSwiftPackageReference "firebase-ios-sdk" */;
			productName = FirebaseMessaging;
		};
		B5CE11A62A97AB2C001E6C3E /* FirebasePerformance */ = {
			isa = XCSwiftPackageProductDependency;
			package = B5CE11792A97AB2B001E6C3E /* XCRemoteSwiftPackageReference "firebase-ios-sdk" */;
			productName = FirebasePerformance;
		};
		B5CE11A82A97AB2C001E6C3E /* FirebaseRemoteConfig */ = {
			isa = XCSwiftPackageProductDependency;
			package = B5CE11792A97AB2B001E6C3E /* XCRemoteSwiftPackageReference "firebase-ios-sdk" */;
			productName = FirebaseRemoteConfig;
		};
		B5CE11AA2A97AB2C001E6C3E /* FirebaseRemoteConfigSwift */ = {
			isa = XCSwiftPackageProductDependency;
			package = B5CE11792A97AB2B001E6C3E /* XCRemoteSwiftPackageReference "firebase-ios-sdk" */;
			productName = FirebaseRemoteConfigSwift;
		};
		B5CE11AC2A97AB2C001E6C3E /* FirebaseStorage */ = {
			isa = XCSwiftPackageProductDependency;
			package = B5CE11792A97AB2B001E6C3E /* XCRemoteSwiftPackageReference "firebase-ios-sdk" */;
			productName = FirebaseStorage;
		};
		B5CE11AE2A97AB2C001E6C3E /* FirebaseStorageCombine-Community */ = {
			isa = XCSwiftPackageProductDependency;
			package = B5CE11792A97AB2B001E6C3E /* XCRemoteSwiftPackageReference "firebase-ios-sdk" */;
			productName = "FirebaseStorageCombine-Community";
		};
/* End XCSwiftPackageProductDependency section */
	};
	rootObject = B5CE11402A965366001E6C3E /* Project object */;
}
